
Microsoft Visual Studio Solution File, Format Version 12.00
# Visual Studio Version 17
VisualStudioVersion = 17.13.35806.99 d17.13
MinimumVisualStudioVersion = 10.0.40219.1
Project("{FAE04EC0-301F-11D3-BF4B-00C04F79EFBC}") = "MailBuddy", "MailBuddy.csproj", "{BB876FDC-3D40-4ED2-8766-8250A437FE1A}"
EndProject
Global
	GlobalSection(SolutionConfigurationPlatforms) = preSolution
		Debug|Any CPU = Debug|Any CPU
		Release|Any CPU = Release|Any CPU
	EndGlobalSection
	GlobalSection(ProjectConfigurationPlatforms) = postSolution
		{BB876FDC-3D40-4ED2-8766-8250A437FE1A}.Debug|Any CPU.ActiveCfg = Debug|Any CPU
		{BB876FDC-3D40-4ED2-8766-8250A437FE1A}.Debug|Any CPU.Build.0 = Debug|Any CPU
		{BB876FDC-3D40-4ED2-8766-8250A437FE1A}.Release|Any CPU.ActiveCfg = Release|Any CPU
		{BB876FDC-3D40-4ED2-8766-8250A437FE1A}.Release|Any CPU.Build.0 = Release|Any CPU
	EndGlobalSection
	GlobalSection(SolutionProperties) = preSolution
		HideSolutionNode = FALSE
	EndGlobalSection
	GlobalSection(ExtensibilityGlobals) = postSolution
		SolutionGuid = {E446EB92-5F2C-4766-B522-3D5F4FFD0E32}
	EndGlobalSection
EndGlobal
